schema_version = 1
source_catalog_git_commit = "a9a4d944b445245272af2d3a69c3c49351177e23"
source_catalog_worktree = "dirty"
synced_at = "2026-08-03T20:50:20+08:00"
profile = "dev-team@1.1.0"
extensions = ["pi-team@0.4.0"]
packs = ["core-dev@0.5.0"]
agents = ["architect@0.4.0", "builder@0.4.0", "reviewer@0.4.0"]
skills = ["code-review@0.1.0", "codebase-design@0.1.0", "diagnosing-bugs@0.1.0", "tdd@0.1.0"]
multi_agent = "pi-team-profile"
activation_region = "agent-kit:core-dev"
activation_sha256 = "ccca5da481e02b18c189d63abb58469bff80a2fcda9ecb5d2053d329325ab025"
verification = "pi-team-0.4-13-tests-typecheck-zero-vulnerability-audit-catalog-doctor-profile-dry-run-three-role-nano-agent-status-skill-resolution-hashes-html-and-diff-check-pass"

[agent_skills]

[agent_project_skills]

[[files]]
path = ".agent-kit.toml"
source = "project-sync manifest dev-team@1.1.0 + core-dev@0.5.0"
sha256 = "324c21396943dbd2be4f38ce1e53265a4b9fd17fe187b1973e4c8b7b3acb83ba"

[[files]]
path = ".pi/agent-kit/skills/code-review/0.1.0/LICENSE"
source = "workflows/agent-kit/catalog/skills/code-review/0.1.0/LICENSE"
sha256 = "0e7ac423bf2c6e223b7c5b156f8cf72da49d748e56a1641402c31f22ad07dbb5"

[[files]]
path = ".pi/agent-kit/skills/code-review/0.1.0/SKILL.md"
source = "workflows/agent-kit/catalog/skills/code-review/0.1.0/SKILL.md"
sha256 = "baada2f624532ddd04da989fa971eea3e5dc8ba2d3ce9d989ef3de4a58b13f98"

[[files]]
path = ".pi/agent-kit/skills/code-review/0.1.0/agents/openai.yaml"
source = "workflows/agent-kit/catalog/skills/code-review/0.1.0/agents/openai.yaml"
sha256 = "d564362303566217f40123a48c735319b33c04647ca8f0dfa9360ea59ae081da"

[[files]]
path = ".pi/agent-kit/skills/code-review/0.1.0/references/smell-baseline.md"
source = "workflows/agent-kit/catalog/skills/code-review/0.1.0/references/smell-baseline.md"
sha256 = "85e3c76767f934d5c3e4cf482d074268d1c1b53391fac0dc287112af3ca73202"

[[files]]
path = ".pi/agent-kit/skills/code-review/0.1.0/references/test-quality.md"
source = "workflows/agent-kit/catalog/skills/code-review/0.1.0/references/test-quality.md"
sha256 = "d7754f0b0476256db5b960d664c483ffce304e41c233f2a40f1d1f7cfdd1f33c"

[[files]]
path = ".pi/agent-kit/skills/codebase-design/0.1.0/LICENSE"
source = "workflows/agent-kit/catalog/skills/codebase-design/0.1.0/LICENSE"
sha256 = "0e7ac423bf2c6e223b7c5b156f8cf72da49d748e56a1641402c31f22ad07dbb5"

[[files]]
path = ".pi/agent-kit/skills/codebase-design/0.1.0/SKILL.md"
source = "workflows/agent-kit/catalog/skills/codebase-design/0.1.0/SKILL.md"
sha256 = "5aaa8f1de7bfd89220c7aea0601d79a6335c8d957332ea1565437af488af75dd"

[[files]]
path = ".pi/agent-kit/skills/codebase-design/0.1.0/agents/openai.yaml"
source = "workflows/agent-kit/catalog/skills/codebase-design/0.1.0/agents/openai.yaml"
sha256 = "d716c50b085c2cfd9e2fe186eddea8275a7835731af0b86077b871c6070b3e4c"

[[files]]
path = ".pi/agent-kit/skills/codebase-design/0.1.0/references/deepening.md"
source = "workflows/agent-kit/catalog/skills/codebase-design/0.1.0/references/deepening.md"
sha256 = "948972fbfcd532d5050b84d801fa1c4746d7581ceab68966515eec514421e92d"

[[files]]
path = ".pi/agent-kit/skills/codebase-design/0.1.0/references/vocabulary.md"
source = "workflows/agent-kit/catalog/skills/codebase-design/0.1.0/references/vocabulary.md"
sha256 = "63b14d1fd62b15b6146a3eb7651a47946f7af5edfb641c109b916d627c03c502"

[[files]]
path = ".pi/agent-kit/skills/diagnosing-bugs/0.1.0/LICENSE"
source = "workflows/agent-kit/catalog/skills/diagnosing-bugs/0.1.0/LICENSE"
sha256 = "0e7ac423bf2c6e223b7c5b156f8cf72da49d748e56a1641402c31f22ad07dbb5"

[[files]]
path = ".pi/agent-kit/skills/diagnosing-bugs/0.1.0/SKILL.md"
source = "workflows/agent-kit/catalog/skills/diagnosing-bugs/0.1.0/SKILL.md"
sha256 = "a3b708826dbcbbbf9b458474feeecdf602e2e64392022e290bfdaa6cd21c6ad3"

[[files]]
path = ".pi/agent-kit/skills/diagnosing-bugs/0.1.0/agents/openai.yaml"
source = "workflows/agent-kit/catalog/skills/diagnosing-bugs/0.1.0/agents/openai.yaml"
sha256 = "a95f0d2e51f7613391e71b35110577b2acdd85201334524da2f6f7fffb803977"

[[files]]
path = ".pi/agent-kit/skills/tdd/0.1.0/LICENSE"
source = "workflows/agent-kit/catalog/skills/tdd/0.1.0/LICENSE"
sha256 = "0e7ac423bf2c6e223b7c5b156f8cf72da49d748e56a1641402c31f22ad07dbb5"

[[files]]
path = ".pi/agent-kit/skills/tdd/0.1.0/SKILL.md"
source = "workflows/agent-kit/catalog/skills/tdd/0.1.0/SKILL.md"
sha256 = "d272ab99b67e4bd3699bc0dd8731adb0fb4bd2022b85fb0e39fda5462bd44152"

[[files]]
path = ".pi/agent-kit/skills/tdd/0.1.0/agents/openai.yaml"
source = "workflows/agent-kit/catalog/skills/tdd/0.1.0/agents/openai.yaml"
sha256 = "a1ab232eb9fe52c32c1e0afc381d64bdbc19ca56ea4a83a7913e6527423b3798"

[[files]]
path = ".pi/agent-kit/skills/tdd/0.1.0/references/mocking.md"
source = "workflows/agent-kit/catalog/skills/tdd/0.1.0/references/mocking.md"
sha256 = "2460ad068b7a865bc17d88b25f12d9e7eb1bd856d53a9dc7eb7ed852f85173c5"

[[files]]
path = ".pi/agent-kit/skills/tdd/0.1.0/references/test-quality.md"
source = "workflows/agent-kit/catalog/skills/tdd/0.1.0/references/test-quality.md"
sha256 = "8cc82d1e89b67c0b99874fb21fc5305dff7beb2d20dac5cafb46c863a4751214"

[[files]]
path = ".pi/nano-team/team/architect.yaml"
source = "workflows/agent-kit/catalog/agents/architect/0.4.0.yaml"
sha256 = "b52fd2b05ce81e377d10a5f6d05f88d80e702107c1e2083cf481c8352828eceb"

[[files]]
path = ".pi/nano-team/team/builder.yaml"
source = "workflows/agent-kit/catalog/agents/builder/0.4.0.yaml"
sha256 = "84500286921dc4a7c598eeb899d0732892616b8a4d307ce88dcbcc54986d77f7"

[[files]]
path = ".pi/nano-team/team/reviewer.yaml"
source = "workflows/agent-kit/catalog/agents/reviewer/0.4.0.yaml"
sha256 = "80a22697f70301b9c1c269543c5ddad93c3c2e10c502b4be57a71faa333bca0f"
